
Microsoft Visual Studio Solution File, Format Version 12.00
# Visual Studio Version 17
VisualStudioVersion = 17.6.33829.357
MinimumVisualStudioVersion = 10.0.40219.1
Project("{FAE04EC0-301F-11D3-BF4B-00C04F79EFBC}") = "OnlineTelegraf", "OnlineTelegraf\OnlineTelegraf.csproj", "{E45A6239-1B49-4680-9D78-43468F358199}"
EndProject
Project("{FAE04EC0-301F-11D3-BF4B-00C04F79EFBC}") = "WCF_Morze", "WCF_Morze\WCF_Morze.csproj", "{5AA0EA79-6BD7-4381-ACA6-FDF5BC0A5607}"
EndProject
Project("{FAE04EC0-301F-11D3-BF4B-00C04F79EFBC}") = "MorzeHost", "MorzeHost\MorzeHost.csproj", "{3DF4BADF-4AAC-4A41-8BFE-06BEA359BC2B}"
EndProject
Global
	GlobalSection(SolutionConfigurationPlatforms) = preSolution
		Debug|Any CPU = Debug|Any CPU
		Release|Any CPU = Release|Any CPU
	EndGlobalSection
	GlobalSection(ProjectConfigurationPlatforms) = postSolution
		{E45A6239-1B49-4680-9D78-43468F358199}.Debug|Any CPU.ActiveCfg = Debug|Any CPU
		{E45A6239-1B49-4680-9D78-43468F358199}.Debug|Any CPU.Build.0 = Debug|Any CPU
		{E45A6239-1B49-4680-9D78-43468F358199}.Release|Any CPU.ActiveCfg = Release|Any CPU
		{E45A6239-1B49-4680-9D78-43468F358199}.Release|Any CPU.Build.0 = Release|Any CPU
		{5AA0EA79-6BD7-4381-ACA6-FDF5BC0A5607}.Debug|Any CPU.ActiveCfg = Debug|Any CPU
		{5AA0EA79-6BD7-4381-ACA6-FDF5BC0A5607}.Debug|Any CPU.Build.0 = Debug|Any CPU
		{5AA0EA79-6BD7-4381-ACA6-FDF5BC0A5607}.Release|Any CPU.ActiveCfg = Release|Any CPU
		{5AA0EA79-6BD7-4381-ACA6-FDF5BC0A5607}.Release|Any CPU.Build.0 = Release|Any CPU
		{3DF4BADF-4AAC-4A41-8BFE-06BEA359BC2B}.Debug|Any CPU.ActiveCfg = Debug|Any CPU
		{3DF4BADF-4AAC-4A41-8BFE-06BEA359BC2B}.Debug|Any CPU.Build.0 = Debug|Any CPU
		{3DF4BADF-4AAC-4A41-8BFE-06BEA359BC2B}.Release|Any CPU.ActiveCfg = Release|Any CPU
		{3DF4BADF-4AAC-4A41-8BFE-06BEA359BC2B}.Release|Any CPU.Build.0 = Release|Any CPU
	EndGlobalSection
	GlobalSection(SolutionProperties) = preSolution
		HideSolutionNode = FALSE
	EndGlobalSection
	GlobalSection(ExtensibilityGlobals) = postSolution
		SolutionGuid = {CEEC85DE-EA1A-4A9D-88D4-54739EA04633}
	EndGlobalSection
EndGlobal
